# This file is autogenerated, do not edit; changes may be undone by the next 'dep ensure'.


[[projects]]
  name = "github.com/stianeikeland/go-rpio"
  packages = ["."]
  revision = "3abdd2207d33843c1c3fbea540bdf07990075c03"
  version = "4.1.0"

[solve-meta]
  analyzer-name = "dep"
  analyzer-version = 1
  inputs-digest = "5c0d37cd42c778a6a98cef9b51467e1fa5e2972b937973b11cffec6a6592545c"
  solver-name = "gps-cdcl"
  solver-version = 1
